
Microsoft Visual Studio Solution File, Format Version 12.00
# Visual Studio 14
VisualStudioVersion = 14.0.25123.0
MinimumVisualStudioVersion = 10.0.40219.1
Project("{FAE04EC0-301F-11D3-BF4B-00C04F79EFBC}") = "MultithreadSingleton", "MultithreadSingleton\MultithreadSingleton.csproj", "{CEF7C7DD-9373-4001-983F-20AF642C42BE}"
EndProject
Project("{FAE04EC0-301F-11D3-BF4B-00C04F79EFBC}") = "COMControl", "COMControl\COMControl.csproj", "{E8ABBBF4-20D1-4833-B01A-2073CCF25A60}"
EndProject
Project("{FAE04EC0-301F-11D3-BF4B-00C04F79EFBC}") = "SingletonAndDerivedClass", "SingletonAndDerivedClass\SingletonAndDerivedClass.csproj", "{EAD7ED2F-3456-4DFE-92EF-0B46AEB71B1F}"
EndProject
Project("{FAE04EC0-301F-11D3-BF4B-00C04F79EFBC}") = "RaceCondition", "RaceCondition\RaceCondition.csproj", "{93B9CA3B-2CDF-4061-8066-EECF09321197}"
EndProject
Project("{FAE04EC0-301F-11D3-BF4B-00C04F79EFBC}") = "BuilderPattern", "BuilderPattern\BuilderPattern.csproj", "{44089620-6FF7-4DC5-B5B5-6B1BBCE5FD38}"
EndProject
Project("{FAE04EC0-301F-11D3-BF4B-00C04F79EFBC}") = "List", "List\List.csproj", "{90DE0703-E52B-44C7-A7B4-C5E5D1455297}"
EndProject
Project("{FAE04EC0-301F-11D3-BF4B-00C04F79EFBC}") = "ExploreFormInheritance", "ExploreFormInheritance\ExploreFormInheritance.csproj", "{7A2F040F-998A-4ADF-BD7A-1C497744693D}"
EndProject
Project("{FAE04EC0-301F-11D3-BF4B-00C04F79EFBC}") = "Number", "Number\Number.csproj", "{CA0CD446-C0D2-49CC-ADFD-3B51F13357D6}"
EndProject
Project("{FAE04EC0-301F-11D3-BF4B-00C04F79EFBC}") = "FixedLengthFileReader", "FixedLengthFileReader\FixedLengthFileReader.csproj", "{A991ECE9-80B6-4C44-9069-9F81A7FCB7FD}"
EndProject
Global
	GlobalSection(SolutionConfigurationPlatforms) = preSolution
		Debug|Any CPU = Debug|Any CPU
		Debug|Mixed Platforms = Debug|Mixed Platforms
		Debug|x64 = Debug|x64
		Debug|x86 = Debug|x86
		Release|Any CPU = Release|Any CPU
		Release|Mixed Platforms = Release|Mixed Platforms
		Release|x64 = Release|x64
		Release|x86 = Release|x86
	EndGlobalSection
	GlobalSection(ProjectConfigurationPlatforms) = postSolution
		{CEF7C7DD-9373-4001-983F-20AF642C42BE}.Debug|Any CPU.ActiveCfg = Debug|x86
		{CEF7C7DD-9373-4001-983F-20AF642C42BE}.Debug|Mixed Platforms.ActiveCfg = Debug|x86
		{CEF7C7DD-9373-4001-983F-20AF642C42BE}.Debug|Mixed Platforms.Build.0 = Debug|x86
		{CEF7C7DD-9373-4001-983F-20AF642C42BE}.Debug|x64.ActiveCfg = Debug|x86
		{CEF7C7DD-9373-4001-983F-20AF642C42BE}.Debug|x86.ActiveCfg = Debug|x86
		{CEF7C7DD-9373-4001-983F-20AF642C42BE}.Debug|x86.Build.0 = Debug|x86
		{CEF7C7DD-9373-4001-983F-20AF642C42BE}.Release|Any CPU.ActiveCfg = Release|x86
		{CEF7C7DD-9373-4001-983F-20AF642C42BE}.Release|Mixed Platforms.ActiveCfg = Release|x86
		{CEF7C7DD-9373-4001-983F-20AF642C42BE}.Release|Mixed Platforms.Build.0 = Release|x86
		{CEF7C7DD-9373-4001-983F-20AF642C42BE}.Release|x64.ActiveCfg = Release|x86
		{CEF7C7DD-9373-4001-983F-20AF642C42BE}.Release|x86.ActiveCfg = Release|x86
		{CEF7C7DD-9373-4001-983F-20AF642C42BE}.Release|x86.Build.0 = Release|x86
		{E8ABBBF4-20D1-4833-B01A-2073CCF25A60}.Debug|Any CPU.ActiveCfg = Debug|Any CPU
		{E8ABBBF4-20D1-4833-B01A-2073CCF25A60}.Debug|Any CPU.Build.0 = Debug|Any CPU
		{E8ABBBF4-20D1-4833-B01A-2073CCF25A60}.Debug|Mixed Platforms.ActiveCfg = Debug|Any CPU
		{E8ABBBF4-20D1-4833-B01A-2073CCF25A60}.Debug|Mixed Platforms.Build.0 = Debug|Any CPU
		{E8ABBBF4-20D1-4833-B01A-2073CCF25A60}.Debug|x64.ActiveCfg = Debug|Any CPU
		{E8ABBBF4-20D1-4833-B01A-2073CCF25A60}.Debug|x64.Build.0 = Debug|Any CPU
		{E8ABBBF4-20D1-4833-B01A-2073CCF25A60}.Debug|x86.ActiveCfg = Debug|Any CPU
		{E8ABBBF4-20D1-4833-B01A-2073CCF25A60}.Release|Any CPU.ActiveCfg = Release|Any CPU
		{E8ABBBF4-20D1-4833-B01A-2073CCF25A60}.Release|Any CPU.Build.0 = Release|Any CPU
		{E8ABBBF4-20D1-4833-B01A-2073CCF25A60}.Release|Mixed Platforms.ActiveCfg = Release|Any CPU
		{E8ABBBF4-20D1-4833-B01A-2073CCF25A60}.Release|Mixed Platforms.Build.0 = Release|Any CPU
		{E8ABBBF4-20D1-4833-B01A-2073CCF25A60}.Release|x64.ActiveCfg = Release|Any CPU
		{E8ABBBF4-20D1-4833-B01A-2073CCF25A60}.Release|x64.Build.0 = Release|Any CPU
		{E8ABBBF4-20D1-4833-B01A-2073CCF25A60}.Release|x86.ActiveCfg = Release|Any CPU
		{EAD7ED2F-3456-4DFE-92EF-0B46AEB71B1F}.Debug|Any CPU.ActiveCfg = Debug|x86
		{EAD7ED2F-3456-4DFE-92EF-0B46AEB71B1F}.Debug|Mixed Platforms.ActiveCfg = Debug|x86
		{EAD7ED2F-3456-4DFE-92EF-0B46AEB71B1F}.Debug|Mixed Platforms.Build.0 = Debug|x86
		{EAD7ED2F-3456-4DFE-92EF-0B46AEB71B1F}.Debug|x64.ActiveCfg = Debug|x86
		{EAD7ED2F-3456-4DFE-92EF-0B46AEB71B1F}.Debug|x86.ActiveCfg = Debug|x86
		{EAD7ED2F-3456-4DFE-92EF-0B46AEB71B1F}.Debug|x86.Build.0 = Debug|x86
		{EAD7ED2F-3456-4DFE-92EF-0B46AEB71B1F}.Release|Any CPU.ActiveCfg = Release|x86
		{EAD7ED2F-3456-4DFE-92EF-0B46AEB71B1F}.Release|Mixed Platforms.ActiveCfg = Release|x86
		{EAD7ED2F-3456-4DFE-92EF-0B46AEB71B1F}.Release|Mixed Platforms.Build.0 = Release|x86
		{EAD7ED2F-3456-4DFE-92EF-0B46AEB71B1F}.Release|x64.ActiveCfg = Release|x86
		{EAD7ED2F-3456-4DFE-92EF-0B46AEB71B1F}.Release|x86.ActiveCfg = Release|x86
		{EAD7ED2F-3456-4DFE-92EF-0B46AEB71B1F}.Release|x86.Build.0 = Release|x86
		{93B9CA3B-2CDF-4061-8066-EECF09321197}.Debug|Any CPU.ActiveCfg = Debug|Any CPU
		{93B9CA3B-2CDF-4061-8066-EECF09321197}.Debug|Any CPU.Build.0 = Debug|Any CPU
		{93B9CA3B-2CDF-4061-8066-EECF09321197}.Debug|Mixed Platforms.ActiveCfg = Debug|Any CPU
		{93B9CA3B-2CDF-4061-8066-EECF09321197}.Debug|Mixed Platforms.Build.0 = Debug|Any CPU
		{93B9CA3B-2CDF-4061-8066-EECF09321197}.Debug|x64.ActiveCfg = Debug|Any CPU
		{93B9CA3B-2CDF-4061-8066-EECF09321197}.Debug|x86.ActiveCfg = Debug|Any CPU
		{93B9CA3B-2CDF-4061-8066-EECF09321197}.Debug|x86.Build.0 = Debug|Any CPU
		{93B9CA3B-2CDF-4061-8066-EECF09321197}.Release|Any CPU.ActiveCfg = Release|Any CPU
		{93B9CA3B-2CDF-4061-8066-EECF09321197}.Release|Any CPU.Build.0 = Release|Any CPU
		{93B9CA3B-2CDF-4061-8066-EECF09321197}.Release|Mixed Platforms.ActiveCfg = Release|Any CPU
		{93B9CA3B-2CDF-4061-8066-EECF09321197}.Release|Mixed Platforms.Build.0 = Release|Any CPU
		{93B9CA3B-2CDF-4061-8066-EECF09321197}.Release|x64.ActiveCfg = Release|Any CPU
		{93B9CA3B-2CDF-4061-8066-EECF09321197}.Release|x86.ActiveCfg = Release|Any CPU
		{93B9CA3B-2CDF-4061-8066-EECF09321197}.Release|x86.Build.0 = Release|Any CPU
		{44089620-6FF7-4DC5-B5B5-6B1BBCE5FD38}.Debug|Any CPU.ActiveCfg = Debug|Any CPU
		{44089620-6FF7-4DC5-B5B5-6B1BBCE5FD38}.Debug|Any CPU.Build.0 = Debug|Any CPU
		{44089620-6FF7-4DC5-B5B5-6B1BBCE5FD38}.Debug|Mixed Platforms.ActiveCfg = Debug|Any CPU
		{44089620-6FF7-4DC5-B5B5-6B1BBCE5FD38}.Debug|Mixed Platforms.Build.0 = Debug|Any CPU
		{44089620-6FF7-4DC5-B5B5-6B1BBCE5FD38}.Debug|x64.ActiveCfg = Debug|Any CPU
		{44089620-6FF7-4DC5-B5B5-6B1BBCE5FD38}.Debug|x64.Build.0 = Debug|Any CPU
		{44089620-6FF7-4DC5-B5B5-6B1BBCE5FD38}.Debug|x86.ActiveCfg = Debug|Any CPU
		{44089620-6FF7-4DC5-B5B5-6B1BBCE5FD38}.Debug|x86.Build.0 = Debug|Any CPU
		{44089620-6FF7-4DC5-B5B5-6B1BBCE5FD38}.Release|Any CPU.ActiveCfg = Release|Any CPU
		{44089620-6FF7-4DC5-B5B5-6B1BBCE5FD38}.Release|Any CPU.Build.0 = Release|Any CPU
		{44089620-6FF7-4DC5-B5B5-6B1BBCE5FD38}.Release|Mixed Platforms.ActiveCfg = Release|Any CPU
		{44089620-6FF7-4DC5-B5B5-6B1BBCE5FD38}.Release|Mixed Platforms.Build.0 = Release|Any CPU
		{44089620-6FF7-4DC5-B5B5-6B1BBCE5FD38}.Release|x64.ActiveCfg = Release|Any CPU
		{44089620-6FF7-4DC5-B5B5-6B1BBCE5FD38}.Release|x64.Build.0 = Release|Any CPU
		{44089620-6FF7-4DC5-B5B5-6B1BBCE5FD38}.Release|x86.ActiveCfg = Release|Any CPU
		{44089620-6FF7-4DC5-B5B5-6B1BBCE5FD38}.Release|x86.Build.0 = Release|Any CPU
		{90DE0703-E52B-44C7-A7B4-C5E5D1455297}.Debug|Any CPU.ActiveCfg = Debug|Any CPU
		{90DE0703-E52B-44C7-A7B4-C5E5D1455297}.Debug|Any CPU.Build.0 = Debug|Any CPU
		{90DE0703-E52B-44C7-A7B4-C5E5D1455297}.Debug|Mixed Platforms.ActiveCfg = Debug|Any CPU
		{90DE0703-E52B-44C7-A7B4-C5E5D1455297}.Debug|Mixed Platforms.Build.0 = Debug|Any CPU
		{90DE0703-E52B-44C7-A7B4-C5E5D1455297}.Debug|x64.ActiveCfg = Debug|x64
		{90DE0703-E52B-44C7-A7B4-C5E5D1455297}.Debug|x64.Build.0 = Debug|x64
		{90DE0703-E52B-44C7-A7B4-C5E5D1455297}.Debug|x86.ActiveCfg = Debug|Any CPU
		{90DE0703-E52B-44C7-A7B4-C5E5D1455297}.Debug|x86.Build.0 = Debug|Any CPU
		{90DE0703-E52B-44C7-A7B4-C5E5D1455297}.Release|Any CPU.ActiveCfg = Release|Any CPU
		{90DE0703-E52B-44C7-A7B4-C5E5D1455297}.Release|Any CPU.Build.0 = Release|Any CPU
		{90DE0703-E52B-44C7-A7B4-C5E5D1455297}.Release|Mixed Platforms.ActiveCfg = Release|Any CPU
		{90DE0703-E52B-44C7-A7B4-C5E5D1455297}.Release|Mixed Platforms.Build.0 = Release|Any CPU
		{90DE0703-E52B-44C7-A7B4-C5E5D1455297}.Release|x64.ActiveCfg = Release|x64
		{90DE0703-E52B-44C7-A7B4-C5E5D1455297}.Release|x64.Build.0 = Release|x64
		{90DE0703-E52B-44C7-A7B4-C5E5D1455297}.Release|x86.ActiveCfg = Release|Any CPU
		{90DE0703-E52B-44C7-A7B4-C5E5D1455297}.Release|x86.Build.0 = Release|Any CPU
		{CA0CD446-C0D2-49CC-ADFD-3B51F13357D6}.Release|Mixed Platforms.ActiveCfg = Release|x86
		{CA0CD446-C0D2-49CC-ADFD-3B51F13357D6}.Release|Mixed Platforms.Build.0 = Release|x86
		{CA0CD446-C0D2-49CC-ADFD-3B51F13357D6}.Release|x86.ActiveCfg = Release|x86
		{CA0CD446-C0D2-49CC-ADFD-3B51F13357D6}.Release|x86.Build.0 = Release|x86
		{A991ECE9-80B6-4C44-9069-9F81A7FCB7FD}.Debug|Any CPU.ActiveCfg = Debug|x86
		{A991ECE9-80B6-4C44-9069-9F81A7FCB7FD}.Debug|Mixed Platforms.ActiveCfg = Debug|x86
		{A991ECE9-80B6-4C44-9069-9F81A7FCB7FD}.Debug|Mixed Platforms.Build.0 = Debug|x86
		{A991ECE9-80B6-4C44-9069-9F81A7FCB7FD}.Debug|x86.ActiveCfg = Debug|x86
		{A991ECE9-80B6-4C44-9069-9F81A7FCB7FD}.Debug|x86.Build.0 = Debug|x86
		{A991ECE9-80B6-4C44-9069-9F81A7FCB7FD}.Release|Any CPU.ActiveCfg = Release|x86
		{A991ECE9-80B6-4C44-9069-9F81A7FCB7FD}.Release|Mixed Platforms.ActiveCfg = Release|x86
		{A991ECE9-80B6-4C44-9069-9F81A7FCB7FD}.Release|Mixed Platforms.Build.0 = Release|x86
		{A991ECE9-80B6-4C44-9069-9F81A7FCB7FD}.Release|x86.ActiveCfg = Release|x86
		{A991ECE9-80B6-4C44-9069-9F81A7FCB7FD}.Release|x86.Build.0 = Release|x86
	EndGlobalSection
	GlobalSection(SolutionProperties) = preSolution
		HideSolutionNode = FALSE
	EndGlobalSection
EndGlobal
